
Microsoft Visual Studio Solution File, Format Version 12.00
# Visual Studio Version 16
VisualStudioVersion = 16.0.30002.166
MinimumVisualStudioVersion = 10.0.40219.1
Project("{888888A0-9F3D-457C-B088-3A5042F75D52}") = "login", "login\login.pyproj", "{6874D44C-933C-4BCB-9F5A-A610F43366F1}"
EndProject
Global
	GlobalSection(SolutionConfigurationPlatforms) = preSolution
		Debug|Any CPU = Debug|Any CPU
		Release|Any CPU = Release|Any CPU
	EndGlobalSection
	GlobalSection(ProjectConfigurationPlatforms) = postSolution
		{6874D44C-933C-4BCB-9F5A-A610F43366F1}.Debug|Any CPU.ActiveCfg = Debug|Any CPU
		{6874D44C-933C-4BCB-9F5A-A610F43366F1}.Debug|Any CPU.Build.0 = Debug|Any CPU
		{6874D44C-933C-4BCB-9F5A-A610F43366F1}.Release|Any CPU.ActiveCfg = Release|Any CPU
		{6874D44C-933C-4BCB-9F5A-A610F43366F1}.Release|Any CPU.Build.0 = Release|Any CPU
	EndGlobalSection
	GlobalSection(SolutionProperties) = preSolution
		HideSolutionNode = FALSE
	EndGlobalSection
	GlobalSection(ExtensibilityGlobals) = postSolution
		SolutionGuid = {0AC9F471-5853-4E39-9D41-122E0FC11A65}
	EndGlobalSection
EndGlobal
